# THIS IS AN AUTOGENERATED FILE. DO NOT EDIT THIS FILE DIRECTLY.
# yarn lockfile v1


"@ckeditor/ckeditor5-core@^10.0.0", "@ckeditor/ckeditor5-core@^10.1.0":
  version "10.1.0"
  resolved "https://registry.yarnpkg.com/@ckeditor/ckeditor5-core/-/ckeditor5-core-10.1.0.tgz#e543705382afd6f70ba6628aa5d5a6a29d521a38"
  dependencies:
    "@ckeditor/ckeditor5-engine" "^10.1.0"
    "@ckeditor/ckeditor5-utils" "^10.1.0"

"@ckeditor/ckeditor5-core@^11.0.0":
  version "11.0.0"
  resolved "https://registry.yarnpkg.com/@ckeditor/ckeditor5-core/-/ckeditor5-core-11.0.0.tgz#bd0db3a3d9a0711692b7f518ae0fa839b0ab54c7"
  dependencies:
    "@ckeditor/ckeditor5-engine" "^10.2.0"
    "@ckeditor/ckeditor5-utils" "^10.2.0"

"@ckeditor/ckeditor5-editor-classic@^10.0.0":
  version "10.0.1"
  resolved "https://registry.yarnpkg.com/@ckeditor/ckeditor5-editor-classic/-/ckeditor5-editor-classic-10.0.1.tgz#b9d123090150a2128fd18da1ef564c8e1d6728d2"
  dependencies:
    "@ckeditor/ckeditor5-core" "^10.1.0"
    "@ckeditor/ckeditor5-engine" "^10.1.0"
    "@ckeditor/ckeditor5-theme-lark" "^10.1.0"
    "@ckeditor/ckeditor5-ui" "^10.1.0"
    "@ckeditor/ckeditor5-utils" "^10.1.0"

"@ckeditor/ckeditor5-engine@^10.0.0", "@ckeditor/ckeditor5-engine@^10.1.0", "@ckeditor/ckeditor5-engine@^10.2.0":
  version "10.2.0"
  resolved "https://registry.yarnpkg.com/@ckeditor/ckeditor5-engine/-/ckeditor5-engine-10.2.0.tgz#f4cf448c0482233557f48d4b9a97baa571c0e9cc"
  dependencies:
    "@ckeditor/ckeditor5-utils" "^10.2.0"

"@ckeditor/ckeditor5-theme-lark@^10.1.0":
  version "10.1.0"
  resolved "https://registry.yarnpkg.com/@ckeditor/ckeditor5-theme-lark/-/ckeditor5-theme-lark-10.1.0.tgz#47cbc0e5006cd5f24dedae39bb846250cd5dff42"
  dependencies:
    "@ckeditor/ckeditor5-ui" "^10.1.0"

"@ckeditor/ckeditor5-theme-lark@^11.0.0":
  version "11.0.0"
  resolved "https://registry.yarnpkg.com/@ckeditor/ckeditor5-theme-lark/-/ckeditor5-theme-lark-11.0.0.tgz#39b1c65530ae85566b669fd472e63a72a9c4aac4"
  dependencies:
    "@ckeditor/ckeditor5-ui" "^11.0.0"

"@ckeditor/ckeditor5-ui@^10.1.0":
  version "10.1.0"
  resolved "https://registry.yarnpkg.com/@ckeditor/ckeditor5-ui/-/ckeditor5-ui-10.1.0.tgz#c116c7a1c470a8ad81ce77207b9be7965eee818b"
  dependencies:
    "@ckeditor/ckeditor5-core" "^10.1.0"
    "@ckeditor/ckeditor5-theme-lark" "^10.1.0"
    "@ckeditor/ckeditor5-utils" "^10.1.0"

"@ckeditor/ckeditor5-ui@^11.0.0":
  version "11.0.0"
  resolved "https://registry.yarnpkg.com/@ckeditor/ckeditor5-ui/-/ckeditor5-ui-11.0.0.tgz#90b3cd26b0bba4abf47d698073a5eac2f1d3252e"
  dependencies:
    "@ckeditor/ckeditor5-core" "^11.0.0"
    "@ckeditor/ckeditor5-theme-lark" "^11.0.0"
    "@ckeditor/ckeditor5-utils" "^10.2.0"

"@ckeditor/ckeditor5-upload@^10.0.0":
  version "10.0.2"
  resolved "https://registry.yarnpkg.com/@ckeditor/ckeditor5-upload/-/ckeditor5-upload-10.0.2.tgz#636f7e6e892ebf0b811788ce5ce8ee960b058dbe"
  dependencies:
    "@ckeditor/ckeditor5-core" "^11.0.0"
    "@ckeditor/ckeditor5-engine" "^10.2.0"
    "@ckeditor/ckeditor5-ui" "^11.0.0"
    "@ckeditor/ckeditor5-utils" "^10.2.0"

"@ckeditor/ckeditor5-utils@^10.0.0", "@ckeditor/ckeditor5-utils@^10.1.0", "@ckeditor/ckeditor5-utils@^10.2.0":
  version "10.2.1"
  resolved "https://registry.yarnpkg.com/@ckeditor/ckeditor5-utils/-/ckeditor5-utils-10.2.1.tgz#08268ddb79eddbb2b62acd4d2e04935b2dc75cc6"
  dependencies:
    ckeditor5 "^11.0.1"

ckeditor5@^11.0.1:
  version "11.0.1"
  resolved "https://registry.yarnpkg.com/ckeditor5/-/ckeditor5-11.0.1.tgz#877d4a61d579cd1b6464cb9353787301576012d8"
